<?xml version="1.0" encoding="utf-8"?>
<Project ToolsVersion="4.0" xmlns="http://schemas.microsoft.com/developer/msbuild/2003">
  <ItemGroup>
    <Filter Include="Source Files">
      <UniqueIdentifier>{4FC737F1-C7A5-4376-A066-2A32D752A2FF}</UniqueIdentifier>
      <Extensions>cpp;c;cc;cxx;c++;cppm;ixx;def;odl;idl;hpj;bat;asm;asmx</Extensions>
    </Filter>
    <Filter Include="Header Files">
      <UniqueIdentifier>{93995380-89BD-4b04-88EB-625FBE52EBFB}</UniqueIdentifier>
      <Extensions>h;hh;hpp;hxx;h++;hm;inl;inc;ipp;xsd</Extensions>
    </Filter>
    <Filter Include="Resource Files">
      <UniqueIdentifier>{67DA6AB6-F800-4c08-8B7A-83BB121AAD01}</UniqueIdentifier>
      <Extensions>rc;ico;cur;bmp;dlg;rc2;rct;bin;rgs;gif;jpg;jpeg;jpe;resx;tiff;tif;png;wav;mfcribbon-ms</Extensions>
    </Filter>
    <Filter Include="Header Files\Phase">
      <UniqueIdentifier>{fa67f3c0-bada-44e2-a580-0ab52e8bfeaf}</UniqueIdentifier>
    </Filter>
    <Filter Include="Source Files\Phase">
      <UniqueIdentifier>{bf044efc-9434-45e4-afb2-e3618567fbce}</UniqueIdentifier>
    </Filter>
    <Filter Include="Header Files\Button">
      <UniqueIdentifier>{1bd1827f-8c19-4ca6-96ff-fa4392c6d57d}</UniqueIdentifier>
    </Filter>
    <Filter Include="Source Files\Button">
      <UniqueIdentifier>{1d507f2a-81a9-4f1e-b067-c9084edc85e3}</UniqueIdentifier>
    </Filter>
    <Filter Include="Header Files\Window">
      <UniqueIdentifier>{056e54ec-336d-406a-b713-725883e6d1f5}</UniqueIdentifier>
    </Filter>
    <Filter Include="Source Files\Window">
      <UniqueIdentifier>{094ec4a0-ce87-4a0f-aac2-924cd7c2dc85}</UniqueIdentifier>
    </Filter>
    <Filter Include="Header Files\Unit">
      <UniqueIdentifier>{ec017b4d-5adb-4454-8315-f0988b3e52f4}</UniqueIdentifier>
    </Filter>
    <Filter Include="Source Files\Unit">
      <UniqueIdentifier>{7a493385-2e5a-40e4-b8c4-65ca35de7637}</UniqueIdentifier>
    </Filter>
  </ItemGroup>
  <ItemGroup>
    <ClCompile Include="Main.cpp">
      <Filter>Source Files</Filter>
    </ClCompile>
    <ClCompile Include="MainHandler.cpp">
      <Filter>Source Files</Filter>
    </ClCompile>
    <ClCompile Include="PhaseIntro.cpp">
      <Filter>Source Files\Phase</Filter>
    </ClCompile>
    <ClCompile Include="RectangleButton.cpp">
      <Filter>Source Files\Button</Filter>
    </ClCompile>
    <ClCompile Include="PhaseMain.cpp">
      <Filter>Source Files\Phase</Filter>
    </ClCompile>
    <ClCompile Include="PhaseCollection.cpp">
      <Filter>Source Files\Phase</Filter>
    </ClCompile>
    <ClCompile Include="DelayTimer.cpp">
      <Filter>Source Files</Filter>
    </ClCompile>
    <ClCompile Include="PhaseChangeEffect.cpp">
      <Filter>Source Files\Phase</Filter>
    </ClCompile>
    <ClCompile Include="TTFTextManger.cpp">
      <Filter>Source Files</Filter>
    </ClCompile>
    <ClCompile Include="WaringWindow.cpp">
      <Filter>Source Files\Window</Filter>
    </ClCompile>
    <ClCompile Include="ManualWindow.cpp">
      <Filter>Source Files\Window</Filter>
    </ClCompile>
    <ClCompile Include="GameStage1.cpp">
      <Filter>Source Files\Phase</Filter>
    </ClCompile>
    <ClCompile Include="GameStage2.cpp">
      <Filter>Source Files\Phase</Filter>
    </ClCompile>
    <ClCompile Include="GameStage3.cpp">
      <Filter>Source Files\Phase</Filter>
    </ClCompile>
    <ClCompile Include="Char.cpp">
      <Filter>Source Files\Unit</Filter>
    </ClCompile>
    <ClCompile Include="Obstacle.cpp">
      <Filter>Source Files\Unit</Filter>
    </ClCompile>
    <ClCompile Include="PlatForm.cpp">
      <Filter>Source Files\Unit</Filter>
    </ClCompile>
    <ClCompile Include="PhaseTrueEnding.cpp">
      <Filter>Source Files\Phase</Filter>
    </ClCompile>
    <ClCompile Include="PhaseEnding.cpp">
      <Filter>Source Files\Phase</Filter>
    </ClCompile>
    <ClCompile Include="StoryWindow.cpp">
      <Filter>Source Files\Window</Filter>
    </ClCompile>
  </ItemGroup>
  <ItemGroup>
    <ClInclude Include="MainHandler.h">
      <Filter>Header Files</Filter>
    </ClInclude>
    <ClInclude Include="ConstantDecl.h">
      <Filter>Header Files</Filter>
    </ClInclude>
    <ClInclude Include="PhaseIntro.h">
      <Filter>Header Files\Phase</Filter>
    </ClInclude>
    <ClInclude Include="PhaseInterface.h">
      <Filter>Header Files\Phase</Filter>
    </ClInclude>
    <ClInclude Include="RectangleButton.h">
      <Filter>Header Files\Button</Filter>
    </ClInclude>
    <ClInclude Include="PhaseMain.h">
      <Filter>Header Files\Phase</Filter>
    </ClInclude>
    <ClInclude Include="PhaseCollection.h">
      <Filter>Header Files\Phase</Filter>
    </ClInclude>
    <ClInclude Include="PhaseChangeEffect.h">
      <Filter>Header Files\Phase</Filter>
    </ClInclude>
    <ClInclude Include="DelayTimer.h">
      <Filter>Header Files</Filter>
    </ClInclude>
    <ClInclude Include="TTFTextManger.h">
      <Filter>Header Files</Filter>
    </ClInclude>
    <ClInclude Include="WaringWindow.h">
      <Filter>Header Files\Window</Filter>
    </ClInclude>
    <ClInclude Include="WindowInterface.h">
      <Filter>Header Files\Window</Filter>
    </ClInclude>
    <ClInclude Include="ManualWindow.h">
      <Filter>Header Files\Window</Filter>
    </ClInclude>
    <ClInclude Include="GameStage1.h">
      <Filter>Header Files\Phase</Filter>
    </ClInclude>
    <ClInclude Include="GameStage2.h">
      <Filter>Header Files\Phase</Filter>
    </ClInclude>
    <ClInclude Include="GameStage3.h">
      <Filter>Header Files\Phase</Filter>
    </ClInclude>
    <ClInclude Include="Char.h">
      <Filter>Header Files\Unit</Filter>
    </ClInclude>
    <ClInclude Include="Obstacle.h">
      <Filter>Header Files\Unit</Filter>
    </ClInclude>
    <ClInclude Include="PlatForm.h">
      <Filter>Header Files\Unit</Filter>
    </ClInclude>
    <ClInclude Include="PhaseEnding.h">
      <Filter>Header Files\Phase</Filter>
    </ClInclude>
    <ClInclude Include="PhaseTrueEnding.h">
      <Filter>Header Files\Phase</Filter>
    </ClInclude>
    <ClInclude Include="StoryWindow.h">
      <Filter>Header Files\Window</Filter>
    </ClInclude>
  </ItemGroup>
</Project>